
Microsoft Visual Studio Solution File, Format Version 12.00
# Visual Studio 15
VisualStudioVersion = 15.0.27130.2036
MinimumVisualStudioVersion = 10.0.40219.1
Project("{FAE04EC0-301F-11D3-BF4B-00C04F79EFBC}") = "RheinTurmUhr", "RheinTurmUhr\RheinTurmUhr.csproj", "{F53812B3-95A7-4B46-8C69-E43998A0C4D4}"
EndProject
Project("{54435603-DBB4-11D2-8724-00A0C9A8B90C}") = "Setup", "Setup\Setup.vdproj", "{5CFCFB73-B9B3-46FF-9704-26BFA09CBFB1}"
EndProject
Project("{FAE04EC0-301F-11D3-BF4B-00C04F79EFBC}") = "TimeZonesLib", "TimeZonesLib\TimeZonesLib.csproj", "{289B8422-9D89-4D24-AC85-94C2A49D33A0}"
EndProject
Global
	GlobalSection(SolutionConfigurationPlatforms) = preSolution
		Debug|Any CPU = Debug|Any CPU
		Release|Any CPU = Release|Any CPU
	EndGlobalSection
	GlobalSection(ProjectConfigurationPlatforms) = postSolution
		{F53812B3-95A7-4B46-8C69-E43998A0C4D4}.Debug|Any CPU.ActiveCfg = Debug|Any CPU
		{F53812B3-95A7-4B46-8C69-E43998A0C4D4}.Debug|Any CPU.Build.0 = Debug|Any CPU
		{F53812B3-95A7-4B46-8C69-E43998A0C4D4}.Release|Any CPU.ActiveCfg = Release|Any CPU
		{F53812B3-95A7-4B46-8C69-E43998A0C4D4}.Release|Any CPU.Build.0 = Release|Any CPU
		{5CFCFB73-B9B3-46FF-9704-26BFA09CBFB1}.Debug|Any CPU.ActiveCfg = Debug
		{5CFCFB73-B9B3-46FF-9704-26BFA09CBFB1}.Release|Any CPU.ActiveCfg = Release
		{289B8422-9D89-4D24-AC85-94C2A49D33A0}.Debug|Any CPU.ActiveCfg = Debug|Any CPU
		{289B8422-9D89-4D24-AC85-94C2A49D33A0}.Debug|Any CPU.Build.0 = Debug|Any CPU
		{289B8422-9D89-4D24-AC85-94C2A49D33A0}.Release|Any CPU.ActiveCfg = Release|Any CPU
		{289B8422-9D89-4D24-AC85-94C2A49D33A0}.Release|Any CPU.Build.0 = Release|Any CPU
	EndGlobalSection
	GlobalSection(SolutionProperties) = preSolution
		HideSolutionNode = FALSE
	EndGlobalSection
	GlobalSection(ExtensibilityGlobals) = postSolution
		SolutionGuid = {203B38D9-6956-4BBD-B314-ECE716F7B966}
	EndGlobalSection
EndGlobal
